
Microsoft Visual Studio Solution File, Format Version 12.00
# Visual Studio Version 16
VisualStudioVersion = 16.0.30204.135
MinimumVisualStudioVersion = 10.0.40219.1
Project("{9A19103F-16F7-4668-BE54-9A1E7A4F7556}") = "BossAttacking", "BossAttacking\BossAttacking.csproj", "{D4251C2A-2BBE-4668-942E-8B516AD8EEC6}"
EndProject
Project("{9A19103F-16F7-4668-BE54-9A1E7A4F7556}") = "CharacterUpgradingMenu", "CharacterUpgradingMenu\CharacterUpgradingMenu.csproj", "{7AE77445-17ED-427D-BAB9-23273C998F6A}"
EndProject
Project("{FAE04EC0-301F-11D3-BF4B-00C04F79EFBC}") = "TodoLists", "TodoLists\TodoLists.csproj", "{8D6EE4B8-ECF6-47E2-B88F-2D41D06A26BB}"
EndProject
Global
	GlobalSection(SolutionConfigurationPlatforms) = preSolution
		Debug|Any CPU = Debug|Any CPU
		Release|Any CPU = Release|Any CPU
	EndGlobalSection
	GlobalSection(ProjectConfigurationPlatforms) = postSolution
		{D4251C2A-2BBE-4668-942E-8B516AD8EEC6}.Debug|Any CPU.ActiveCfg = Debug|Any CPU
		{D4251C2A-2BBE-4668-942E-8B516AD8EEC6}.Debug|Any CPU.Build.0 = Debug|Any CPU
		{D4251C2A-2BBE-4668-942E-8B516AD8EEC6}.Release|Any CPU.ActiveCfg = Release|Any CPU
		{D4251C2A-2BBE-4668-942E-8B516AD8EEC6}.Release|Any CPU.Build.0 = Release|Any CPU
		{7AE77445-17ED-427D-BAB9-23273C998F6A}.Debug|Any CPU.ActiveCfg = Debug|Any CPU
		{7AE77445-17ED-427D-BAB9-23273C998F6A}.Debug|Any CPU.Build.0 = Debug|Any CPU
		{7AE77445-17ED-427D-BAB9-23273C998F6A}.Release|Any CPU.ActiveCfg = Release|Any CPU
		{7AE77445-17ED-427D-BAB9-23273C998F6A}.Release|Any CPU.Build.0 = Release|Any CPU
		{8D6EE4B8-ECF6-47E2-B88F-2D41D06A26BB}.Debug|Any CPU.ActiveCfg = Debug|Any CPU
		{8D6EE4B8-ECF6-47E2-B88F-2D41D06A26BB}.Debug|Any CPU.Build.0 = Debug|Any CPU
		{8D6EE4B8-ECF6-47E2-B88F-2D41D06A26BB}.Release|Any CPU.ActiveCfg = Release|Any CPU
		{8D6EE4B8-ECF6-47E2-B88F-2D41D06A26BB}.Release|Any CPU.Build.0 = Release|Any CPU
	EndGlobalSection
	GlobalSection(SolutionProperties) = preSolution
		HideSolutionNode = FALSE
	EndGlobalSection
	GlobalSection(ExtensibilityGlobals) = postSolution
		SolutionGuid = {761CB578-B521-477D-B675-D31A7E646019}
	EndGlobalSection
EndGlobal
